
Microsoft Visual Studio Solution File, Format Version 12.00
# Visual Studio 15
VisualStudioVersion = 15.0.27130.2036
MinimumVisualStudioVersion = 10.0.40219.1
Project("{9A19103F-16F7-4668-BE54-9A1E7A4F7556}") = "AuthorizationServer", "AuthorizationServer\AuthorizationServer.csproj", "{F524AB52-5DFF-48BB-A569-B49CEDB36CBD}"
EndProject
Global
	GlobalSection(SolutionConfigurationPlatforms) = preSolution
		Debug|Any CPU = Debug|Any CPU
		Release|Any CPU = Release|Any CPU
	EndGlobalSection
	GlobalSection(ProjectConfigurationPlatforms) = postSolution
		{F524AB52-5DFF-48BB-A569-B49CEDB36CBD}.Debug|Any CPU.ActiveCfg = Debug|Any CPU
		{F524AB52-5DFF-48BB-A569-B49CEDB36CBD}.Debug|Any CPU.Build.0 = Debug|Any CPU
		{F524AB52-5DFF-48BB-A569-B49CEDB36CBD}.Release|Any CPU.ActiveCfg = Release|Any CPU
		{F524AB52-5DFF-48BB-A569-B49CEDB36CBD}.Release|Any CPU.Build.0 = Release|Any CPU
	EndGlobalSection
	GlobalSection(SolutionProperties) = preSolution
		HideSolutionNode = FALSE
	EndGlobalSection
	GlobalSection(ExtensibilityGlobals) = postSolution
		SolutionGuid = {4CB2FA82-05F7-420D-928A-02D302770F07}
	EndGlobalSection
EndGlobal
