
Microsoft Visual Studio Solution File, Format Version 12.00
# Visual Studio 15
VisualStudioVersion = 15.0.27130.2036
MinimumVisualStudioVersion = 10.0.40219.1
Project("{FAE04EC0-301F-11D3-BF4B-00C04F79EFBC}") = "AuthorizationServer2", "AuthorizationServer2\AuthorizationServer2.csproj", "{910F7DC4-149E-49F2-89B6-C4EDC61017CD}"
EndProject
Global
	GlobalSection(SolutionConfigurationPlatforms) = preSolution
		Debug|Any CPU = Debug|Any CPU
		Release|Any CPU = Release|Any CPU
	EndGlobalSection
	GlobalSection(ProjectConfigurationPlatforms) = postSolution
		{910F7DC4-149E-49F2-89B6-C4EDC61017CD}.Debug|Any CPU.ActiveCfg = Debug|Any CPU
		{910F7DC4-149E-49F2-89B6-C4EDC61017CD}.Debug|Any CPU.Build.0 = Debug|Any CPU
		{910F7DC4-149E-49F2-89B6-C4EDC61017CD}.Release|Any CPU.ActiveCfg = Release|Any CPU
		{910F7DC4-149E-49F2-89B6-C4EDC61017CD}.Release|Any CPU.Build.0 = Release|Any CPU
	EndGlobalSection
	GlobalSection(SolutionProperties) = preSolution
		HideSolutionNode = FALSE
	EndGlobalSection
	GlobalSection(ExtensibilityGlobals) = postSolution
		SolutionGuid = {4CB2FA82-05F7-420D-928A-02D302770F07}
	EndGlobalSection
EndGlobal
